{
  "originHash" : "b06cfc40106c99ee366839496ac12f1fa7a073635fba9e4c50020129eafc95b1",
  "pins" : [
    {
      "identity" : "confettiswiftui",
      "kind" : "remoteSourceControl",
      "location" : "https://github.com/simibac/ConfettiSwiftUI.git",
      "state" : {
        "revision" : "79666d42b882bf7921b1941fa7c636d681d77980",
        "version" : "2.0.3"
      }
    },
    {
      "identity" : "kamaalswift",
      "kind" : "remoteSourceControl",
      "location" : "https://github.com/Kamaalio/KamaalSwift",
      "state" : {
        "revision" : "ca65aee2ef3cc703a50de7aaef7d69713733f566",
        "version" : "3.4.0"
      }
    },
    {
      "identity" : "openapikit",
      "kind" : "remoteSourceControl",
      "location" : "https://github.com/mattpolzin/OpenAPIKit",
      "state" : {
        "revision" : "65d3bd28ad1f9497bfd4011fc2cac4acb49805b2",
        "version" : "3.7.1"
      }
    },
    {
      "identity" : "swift-algorithms",
      "kind" : "remoteSourceControl",
      "location" : "https://github.com/apple/swift-algorithms",
      "state" : {
        "revision" : "87e50f483c54e6efd60e885f7f5aa946cee68023",
        "version" : "1.2.1"
      }
    },
    {
      "identity" : "swift-argument-parser",
      "kind" : "remoteSourceControl",
      "location" : "https://github.com/apple/swift-argument-parser",
      "state" : {
        "revision" : "309a47b2b1d9b5e991f36961c983ecec72275be3",
        "version" : "1.6.1"
      }
    },
    {
      "identity" : "swift-collections",
      "kind" : "remoteSourceControl",
      "location" : "https://github.com/apple/swift-collections",
      "state" : {
        "revision" : "8c0c0a8b49e080e54e5e328cc552821ff07cd341",
        "version" : "1.2.1"
      }
    },
    {
      "identity" : "swift-http-types",
      "kind" : "remoteSourceControl",
      "location" : "https://github.com/apple/swift-http-types",
      "state" : {
        "revision" : "45eb0224913ea070ec4fba17291b9e7ecf4749ca",
        "version" : "1.5.1"
      }
    },
    {
      "identity" : "swift-numerics",
      "kind" : "remoteSourceControl",
      "location" : "https://github.com/apple/swift-numerics.git",
      "state" : {
        "revision" : "bbadd4b853a33fd78c4ae977d17bb2af15eb3f2a",
        "version" : "1.1.0"
      }
    },
    {
      "identity" : "swift-openapi-generator",
      "kind" : "remoteSourceControl",
      "location" : "https://github.com/apple/swift-openapi-generator",
      "state" : {
        "revision" : "d74223cc5595a8165181c4d9579243c932e5cd07",
        "version" : "1.10.3"
      }
    },
    {
      "identity" : "swift-openapi-runtime",
      "kind" : "remoteSourceControl",
      "location" : "https://github.com/apple/swift-openapi-runtime",
      "state" : {
        "revision" : "7722cf8eac05c1f1b5b05895b04cfcc29576d9be",
        "version" : "1.8.3"
      }
    },
    {
      "identity" : "swift-openapi-urlsession",
      "kind" : "remoteSourceControl",
      "location" : "https://github.com/apple/swift-openapi-urlsession",
      "state" : {
        "revision" : "279aa6b77be6aa842a4bf3c45fa79fa15edf3e07",
        "version" : "1.2.0"
      }
    },
    {
      "identity" : "swift-validator",
      "kind" : "remoteSourceControl",
      "location" : "https://github.com/kamaal111/swift-validator",
      "state" : {
        "revision" : "997e3b566fbf317f90338203d8c3c18a9595c445",
        "version" : "0.0.2"
      }
    },
    {
      "identity" : "yams",
      "kind" : "remoteSourceControl",
      "location" : "https://github.com/jpsim/Yams",
      "state" : {
        "revision" : "d41ba4e7164c0838c6d48351f7575f7f762151fe",
        "version" : "6.1.0"
      }
    }
  ],
  "version" : 3
}
